
Microsoft Visual Studio Solution File, Format Version 12.00
# Visual Studio Version 16
VisualStudioVersion = 16.0.30413.136
MinimumVisualStudioVersion = 10.0.40219.1
Project("{FAE04EC0-301F-11D3-BF4B-00C04F79EFBC}") = "New TD Game", "New TD Game.csproj", "{C19847C4-0BB3-4D76-BB91-260967C9CB3E}"
EndProject
Global
	GlobalSection(SolutionConfigurationPlatforms) = preSolution
		Debug|Any CPU = Debug|Any CPU
		Release|Any CPU = Release|Any CPU
	EndGlobalSection
	GlobalSection(ProjectConfigurationPlatforms) = postSolution
		{C19847C4-0BB3-4D76-BB91-260967C9CB3E}.Debug|Any CPU.ActiveCfg = Debug|Any CPU
		{C19847C4-0BB3-4D76-BB91-260967C9CB3E}.Debug|Any CPU.Build.0 = Debug|Any CPU
		{C19847C4-0BB3-4D76-BB91-260967C9CB3E}.Release|Any CPU.ActiveCfg = Release|Any CPU
		{C19847C4-0BB3-4D76-BB91-260967C9CB3E}.Release|Any CPU.Build.0 = Release|Any CPU
	EndGlobalSection
	GlobalSection(SolutionProperties) = preSolution
		HideSolutionNode = FALSE
	EndGlobalSection
	GlobalSection(ExtensibilityGlobals) = postSolution
		SolutionGuid = {A45E1124-BFB6-46B8-B161-7A46511A2E44}
	EndGlobalSection
EndGlobal
